
Microsoft Visual Studio Solution File, Format Version 12.00
# Visual Studio Version 16
VisualStudioVersion = 16.0.30907.101
MinimumVisualStudioVersion = 10.0.40219.1
Project("{FAE04EC0-301F-11D3-BF4B-00C04F79EFBC}") = "FirstASPNETWebApp", "FirstASPNETWebApp.csproj", "{61C5A73C-C49A-4B4C-9DFD-C67D01CC1505}"
EndProject
Project("{2150E333-8FDC-42A3-9474-1A3956D46DE8}") = "Solution Items", "Solution Items", "{CAE6BF74-0A5F-40BE-9650-4A5590293169}"
EndProject
Global
	GlobalSection(SolutionConfigurationPlatforms) = preSolution
		Debug|Any CPU = Debug|Any CPU
		Release|Any CPU = Release|Any CPU
	EndGlobalSection
	GlobalSection(ProjectConfigurationPlatforms) = postSolution
		{61C5A73C-C49A-4B4C-9DFD-C67D01CC1505}.Debug|Any CPU.ActiveCfg = Debug|Any CPU
		{61C5A73C-C49A-4B4C-9DFD-C67D01CC1505}.Debug|Any CPU.Build.0 = Debug|Any CPU
		{61C5A73C-C49A-4B4C-9DFD-C67D01CC1505}.Release|Any CPU.ActiveCfg = Release|Any CPU
		{61C5A73C-C49A-4B4C-9DFD-C67D01CC1505}.Release|Any CPU.Build.0 = Release|Any CPU
	EndGlobalSection
	GlobalSection(SolutionProperties) = preSolution
		HideSolutionNode = FALSE
	EndGlobalSection
	GlobalSection(ExtensibilityGlobals) = postSolution
		SolutionGuid = {D7E3FC6E-38DF-45AD-9CAF-7B1C6A04C944}
	EndGlobalSection
EndGlobal
